{
  "requires": true,
  "lockfileVersion": 1,
  "dependencies": {
    "fullcalendar-scheduler": {
      "version": "5.7.0",
      "resolved": "https://registry.npmjs.org/fullcalendar-scheduler/-/fullcalendar-scheduler-5.7.0.tgz",
      "integrity": "sha512-SUo4McwcKAU/yj1l0Ge94cTIkSFEhlEiaC+YSGM3wiNUjtT1oRgNJrY/KrW6xr+8F+AF1/LfUN2vwbH4fN00cA=="
    }
  }
}
